// !$*UTF8*$!
{
	archiveVersion = 1;
	classes = {
	};
	objectVersion = 46;
	objects = {

/* Begin PBXBuildFile section */
		225D67F21E4CF9310074891A /* TestLogger.swift in Sources */ = {isa = PBXBuildFile; fileRef = 225D67F11E4CF9310074891A /* TestLogger.swift */; };
		227AE85C1E459791008DE1B3 /* Optional+Safeguard.swift in Sources */ = {isa = PBXBuildFile; fileRef = 227AE85B1E459791008DE1B3 /* Optional+Safeguard.swift */; };
		22F955E11E457A51006096FE /* SafeguardTests.swift in Sources */ = {isa = PBXBuildFile; fileRef = 22F955E01E457A51006096FE /* SafeguardTests.swift */; };
		22F955E31E457A51006096FE /* Safeguard.h in Headers */ = {isa = PBXBuildFile; fileRef = 22F955D51E457A50006096FE /* Safeguard.h */; settings = {ATTRIBUTES = (Public, ); }; };
		22F955ED1E457A85006096FE /* Safeguard.swift in Sources */ = {isa = PBXBuildFile; fileRef = 22F955EC1E457A85006096FE /* Safeguard.swift */; };
		22F955EF1E457AB4006096FE /* SafeLogger.swift in Sources */ = {isa = PBXBuildFile; fileRef = 22F955EE1E457AB4006096FE /* SafeLogger.swift */; };
		22F955F31E457AFF006096FE /* Dictionary+Safeguard.swift in Sources */ = {isa = PBXBuildFile; fileRef = 22F955F21E457AFF006096FE /* Dictionary+Safeguard.swift */; };
/* End PBXBuildFile section */

/* Begin PBXContainerItemProxy section */
		224519141E458D14004CDFAB /* PBXContainerItemProxy */ = {
			isa = PBXContainerItemProxy;
			containerPortal = 22F955C91E457A50006096FE /* Project object */;
			proxyType = 1;
			remoteGlobalIDString = 22F955D11E457A50006096FE;
			remoteInfo = Safeguard;
		};
/* End PBXContainerItemProxy section */

/* Begin PBXFileReference section */
		225D67F11E4CF9310074891A /* TestLogger.swift */ = {isa = PBXFileReference; fileEncoding = 4; lastKnownFileType = sourcecode.swift; path = TestLogger.swift; sourceTree = "<group>"; };
		227AE85B1E459791008DE1B3 /* Optional+Safeguard.swift */ = {isa = PBXFileReference; fileEncoding = 4; lastKnownFileType = sourcecode.swift; name = "Optional+Safeguard.swift"; path = "Extensions/Optional+Safeguard.swift"; sourceTree = "<group>"; };
		22F955D21E457A50006096FE /* Safeguard.framework */ = {isa = PBXFileReference; explicitFileType = wrapper.framework; includeInIndex = 0; path = Safeguard.framework; sourceTree = BUILT_PRODUCTS_DIR; };
		22F955D51E457A50006096FE /* Safeguard.h */ = {isa = PBXFileReference; lastKnownFileType = sourcecode.c.h; path = Safeguard.h; sourceTree = "<group>"; };
		22F955D61E457A50006096FE /* Info.plist */ = {isa = PBXFileReference; lastKnownFileType = text.plist.xml; path = Info.plist; sourceTree = "<group>"; };
		22F955DB1E457A50006096FE /* SafeguardTests.xctest */ = {isa = PBXFileReference; explicitFileType = wrapper.cfbundle; includeInIndex = 0; path = SafeguardTests.xctest; sourceTree = BUILT_PRODUCTS_DIR; };
		22F955E01E457A51006096FE /* SafeguardTests.swift */ = {isa = PBXFileReference; lastKnownFileType = sourcecode.swift; path = SafeguardTests.swift; sourceTree = "<group>"; };
		22F955E21E457A51006096FE /* Info.plist */ = {isa = PBXFileReference; lastKnownFileType = text.plist.xml; path = Info.plist; sourceTree = "<group>"; };
		22F955EC1E457A85006096FE /* Safeguard.swift */ = {isa = PBXFileReference; fileEncoding = 4; lastKnownFileType = sourcecode.swift; name = Safeguard.swift; path = Core/Safeguard.swift; sourceTree = "<group>"; };
		22F955EE1E457AB4006096FE /* SafeLogger.swift */ = {isa = PBXFileReference; fileEncoding = 4; lastKnownFileType = sourcecode.swift; path = SafeLogger.swift; sourceTree = "<group>"; };
		22F955F21E457AFF006096FE /* Dictionary+Safeguard.swift */ = {isa = PBXFileReference; fileEncoding = 4; lastKnownFileType = sourcecode.swift; name = "Dictionary+Safeguard.swift"; path = "Extensions/Dictionary+Safeguard.swift"; sourceTree = "<group>"; };
/* End PBXFileReference section */

/* Begin PBXFrameworksBuildPhase section */
		22F955CE1E457A50006096FE /* Frameworks */ = {
			isa = PBXFrameworksBuildPhase;
			buildActionMask = 2147483647;
			files = (
			);
			runOnlyForDeploymentPostprocessing = 0;
		};
		22F955D81E457A50006096FE /* Frameworks */ = {
			isa = PBXFrameworksBuildPhase;
			buildActionMask = 2147483647;
			files = (
			);
			runOnlyForDeploymentPostprocessing = 0;
		};
/* End PBXFrameworksBuildPhase section */

/* Begin PBXGroup section */
		224519541E4594AD004CDFAB /* Core */ = {
			isa = PBXGroup;
			children = (
				22F955EC1E457A85006096FE /* Safeguard.swift */,
				227AE85B1E459791008DE1B3 /* Optional+Safeguard.swift */,
			);
			name = Core;
			sourceTree = "<group>";
		};
		22F955C81E457A50006096FE = {
			isa = PBXGroup;
			children = (
				22F955D41E457A50006096FE /* Safeguard */,
				22F955DF1E457A51006096FE /* SafeguardTests */,
				22F955D31E457A50006096FE /* Products */,
			);
			sourceTree = "<group>";
		};
		22F955D31E457A50006096FE /* Products */ = {
			isa = PBXGroup;
			children = (
				22F955D21E457A50006096FE /* Safeguard.framework */,
				22F955DB1E457A50006096FE /* SafeguardTests.xctest */,
			);
			name = Products;
			sourceTree = "<group>";
		};
		22F955D41E457A50006096FE /* Safeguard */ = {
			isa = PBXGroup;
			children = (
				22F955D51E457A50006096FE /* Safeguard.h */,
				22F955D61E457A50006096FE /* Info.plist */,
				224519541E4594AD004CDFAB /* Core */,
				22F955F21E457AFF006096FE /* Dictionary+Safeguard.swift */,
				22F955EE1E457AB4006096FE /* SafeLogger.swift */,
			);
			path = Safeguard;
			sourceTree = "<group>";
		};
		22F955DF1E457A51006096FE /* SafeguardTests */ = {
			isa = PBXGroup;
			children = (
				22F955E01E457A51006096FE /* SafeguardTests.swift */,
				225D67F11E4CF9310074891A /* TestLogger.swift */,
				22F955E21E457A51006096FE /* Info.plist */,
			);
			path = SafeguardTests;
			sourceTree = "<group>";
		};
/* End PBXGroup section */

/* Begin PBXHeadersBuildPhase section */
		22F955CF1E457A50006096FE /* Headers */ = {
			isa = PBXHeadersBuildPhase;
			buildActionMask = 2147483647;
			files = (
				22F955E31E457A51006096FE /* Safeguard.h in Headers */,
			);
			runOnlyForDeploymentPostprocessing = 0;
		};
/* End PBXHeadersBuildPhase section */

/* Begin PBXNativeTarget section */
		22F955D11E457A50006096FE /* Safeguard */ = {
			isa = PBXNativeTarget;
			buildConfigurationList = 22F955E61E457A51006096FE /* Build configuration list for PBXNativeTarget "Safeguard" */;
			buildPhases = (
				22F955CD1E457A50006096FE /* Sources */,
				22F955CE1E457A50006096FE /* Frameworks */,
				22F955CF1E457A50006096FE /* Headers */,
				22F955D01E457A50006096FE /* Resources */,
			);
			buildRules = (
			);
			dependencies = (
			);
			name = Safeguard;
			productName = Safeguard;
			productReference = 22F955D21E457A50006096FE /* Safeguard.framework */;
			productType = "com.apple.product-type.framework";
		};
		22F955DA1E457A50006096FE /* SafeguardTests */ = {
			isa = PBXNativeTarget;
			buildConfigurationList = 22F955E91E457A51006096FE /* Build configuration list for PBXNativeTarget "SafeguardTests" */;
			buildPhases = (
				22F955D71E457A50006096FE /* Sources */,
				22F955D81E457A50006096FE /* Frameworks */,
				22F955D91E457A50006096FE /* Resources */,
			);
			buildRules = (
			);
			dependencies = (
				224519151E458D14004CDFAB /* PBXTargetDependency */,
			);
			name = SafeguardTests;
			productName = SafeguardTests;
			productReference = 22F955DB1E457A50006096FE /* SafeguardTests.xctest */;
			productType = "com.apple.product-type.bundle.unit-test";
		};
/* End PBXNativeTarget section */

/* Begin PBXProject section */
		22F955C91E457A50006096FE /* Project object */ = {
			isa = PBXProject;
			attributes = {
				LastSwiftUpdateCheck = 0820;
				LastUpgradeCheck = 0820;
				ORGANIZATIONNAME = "Dan Loman";
				TargetAttributes = {
					22F955D11E457A50006096FE = {
						CreatedOnToolsVersion = 8.2;
						DevelopmentTeam = 92AC5VS8HG;
						LastSwiftMigration = 0820;
						ProvisioningStyle = Automatic;
					};
					22F955DA1E457A50006096FE = {
						CreatedOnToolsVersion = 8.2;
						DevelopmentTeam = 92AC5VS8HG;
						ProvisioningStyle = Automatic;
					};
				};
			};
			buildConfigurationList = 22F955CC1E457A50006096FE /* Build configuration list for PBXProject "Safeguard" */;
			compatibilityVersion = "Xcode 3.2";
			developmentRegion = English;
			hasScannedForEncodings = 0;
			knownRegions = (
				en,
			);
			mainGroup = 22F955C81E457A50006096FE;
			productRefGroup = 22F955D31E457A50006096FE /* Products */;
			projectDirPath = "";
			projectRoot = "";
			targets = (
				22F955D11E457A50006096FE /* Safeguard */,
				22F955DA1E457A50006096FE /* SafeguardTests */,
			);
		};
/* End PBXProject section */

/* Begin PBXResourcesBuildPhase section */
		22F955D01E457A50006096FE /* Resources */ = {
			isa = PBXResourcesBuildPhase;
			buildActionMask = 2147483647;
			files = (
			);
			runOnlyForDeploymentPostprocessing = 0;
		};
		22F955D91E457A50006096FE /* Resources */ = {
			isa = PBXResourcesBuildPhase;
			buildActionMask = 2147483647;
			files = (
			);
			runOnlyForDeploymentPostprocessing = 0;
		};
/* End PBXResourcesBuildPhase section */

/* Begin PBXSourcesBuildPhase section */
		22F955CD1E457A50006096FE /* Sources */ = {
			isa = PBXSourcesBuildPhase;
			buildActionMask = 2147483647;
			files = (
				22F955F31E457AFF006096FE /* Dictionary+Safeguard.swift in Sources */,
				22F955EF1E457AB4006096FE /* SafeLogger.swift in Sources */,
				227AE85C1E459791008DE1B3 /* Optional+Safeguard.swift in Sources */,
				22F955ED1E457A85006096FE /* Safeguard.swift in Sources */,
			);
			runOnlyForDeploymentPostprocessing = 0;
		};
		22F955D71E457A50006096FE /* Sources */ = {
			isa = PBXSourcesBuildPhase;
			buildActionMask = 2147483647;
			files = (
				22F955E11E457A51006096FE /* SafeguardTests.swift in Sources */,
				225D67F21E4CF9310074891A /* TestLogger.swift in Sources */,
			);
			runOnlyForDeploymentPostprocessing = 0;
		};
/* End PBXSourcesBuildPhase section */

/* Begin PBXTargetDependency section */
		224519151E458D14004CDFAB /* PBXTargetDependency */ = {
			isa = PBXTargetDependency;
			target = 22F955D11E457A50006096FE /* Safeguard */;
			targetProxy = 224519141E458D14004CDFAB /* PBXContainerItemProxy */;
		};
/* End PBXTargetDependency section */

/* Begin XCBuildConfiguration section */
		22F955E41E457A51006096FE /* Debug */ = {
			isa = XCBuildConfiguration;
			buildSettings = {
				ALWAYS_SEARCH_USER_PATHS = NO;
				APPLICATION_EXTENSION_API_ONLY = YES;
				CLANG_ANALYZER_NONNULL = YES;
				CLANG_CXX_LANGUAGE_STANDARD = "gnu++0x";
				CLANG_CXX_LIBRARY = "libc++";
				CLANG_ENABLE_MODULES = YES;
				CLANG_ENABLE_OBJC_ARC = YES;
				CLANG_WARN_BOOL_CONVERSION = YES;
				CLANG_WARN_CONSTANT_CONVERSION = YES;
				CLANG_WARN_DIRECT_OBJC_ISA_USAGE = YES_ERROR;
				CLANG_WARN_DOCUMENTATION_COMMENTS = YES;
				CLANG_WARN_EMPTY_BODY = YES;
				CLANG_WARN_ENUM_CONVERSION = YES;
				CLANG_WARN_INFINITE_RECURSION = YES;
				CLANG_WARN_INT_CONVERSION = YES;
				CLANG_WARN_OBJC_ROOT_CLASS = YES_ERROR;
				CLANG_WARN_SUSPICIOUS_MOVE = YES;
				CLANG_WARN_UNREACHABLE_CODE = YES;
				CLANG_WARN__DUPLICATE_METHOD_MATCH = YES;
				"CODE_SIGN_IDENTITY[sdk=iphoneos*]" = "iPhone Developer";
				COPY_PHASE_STRIP = NO;
				CURRENT_PROJECT_VERSION = 1;
				DEBUG_INFORMATION_FORMAT = dwarf;
				ENABLE_STRICT_OBJC_MSGSEND = YES;
				ENABLE_TESTABILITY = YES;
				GCC_C_LANGUAGE_STANDARD = gnu99;
				GCC_DYNAMIC_NO_PIC = NO;
				GCC_NO_COMMON_BLOCKS = YES;
				GCC_OPTIMIZATION_LEVEL = 0;
				GCC_PREPROCESSOR_DEFINITIONS = (
					"DEBUG=1",
					"$(inherited)",
				);
				GCC_WARN_64_TO_32_BIT_CONVERSION = YES;
				GCC_WARN_ABOUT_RETURN_TYPE = YES_ERROR;
				GCC_WARN_UNDECLARED_SELECTOR = YES;
				GCC_WARN_UNINITIALIZED_AUTOS = YES_AGGRESSIVE;
				GCC_WARN_UNUSED_FUNCTION = YES;
				GCC_WARN_UNUSED_VARIABLE = YES;
				IPHONEOS_DEPLOYMENT_TARGET = 9.0;
				MTL_ENABLE_DEBUG_INFO = YES;
				ONLY_ACTIVE_ARCH = YES;
				SDKROOT = iphoneos;
				SWIFT_ACTIVE_COMPILATION_CONDITIONS = DEBUG;
				SWIFT_OPTIMIZATION_LEVEL = "-Onone";
				TARGETED_DEVICE_FAMILY = "1,2";
				VERSIONING_SYSTEM = "apple-generic";
				VERSION_INFO_PREFIX = "";
			};
			name = Debug;
		};
		22F955E51E457A51006096FE /* Release */ = {
			isa = XCBuildConfiguration;
			buildSettings = {
				ALWAYS_SEARCH_USER_PATHS = NO;
				APPLICATION_EXTENSION_API_ONLY = YES;
				CLANG_ANALYZER_NONNULL = YES;
				CLANG_CXX_LANGUAGE_STANDARD = "gnu++0x";
				CLANG_CXX_LIBRARY = "libc++";
				CLANG_ENABLE_MODULES = YES;
				CLANG_ENABLE_OBJC_ARC = YES;
				CLANG_WARN_BOOL_CONVERSION = YES;
				CLANG_WARN_CONSTANT_CONVERSION = YES;
				CLANG_WARN_DIRECT_OBJC_ISA_USAGE = YES_ERROR;
				CLANG_WARN_DOCUMENTATION_COMMENTS = YES;
				CLANG_WARN_EMPTY_BODY = YES;
				CLANG_WARN_ENUM_CONVERSION = YES;
				CLANG_WARN_INFINITE_RECURSION = YES;
				CLANG_WARN_INT_CONVERSION = YES;
				CLANG_WARN_OBJC_ROOT_CLASS = YES_ERROR;
				CLANG_WARN_SUSPICIOUS_MOVE = YES;
				CLANG_WARN_UNREACHABLE_CODE = YES;
				CLANG_WARN__DUPLICATE_METHOD_MATCH = YES;
				"CODE_SIGN_IDENTITY[sdk=iphoneos*]" = "iPhone Developer";
				COPY_PHASE_STRIP = NO;
				CURRENT_PROJECT_VERSION = 1;
				DEBUG_INFORMATION_FORMAT = "dwarf-with-dsym";
				ENABLE_NS_ASSERTIONS = NO;
				ENABLE_STRICT_OBJC_MSGSEND = YES;
				GCC_C_LANGUAGE_STANDARD = gnu99;
				GCC_NO_COMMON_BLOCKS = YES;
				GCC_WARN_64_TO_32_BIT_CONVERSION = YES;
				GCC_WARN_ABOUT_RETURN_TYPE = YES_ERROR;
				GCC_WARN_UNDECLARED_SELECTOR = YES;
				GCC_WARN_UNINITIALIZED_AUTOS = YES_AGGRESSIVE;
				GCC_WARN_UNUSED_FUNCTION = YES;
				GCC_WARN_UNUSED_VARIABLE = YES;
				IPHONEOS_DEPLOYMENT_TARGET = 9.0;
				MTL_ENABLE_DEBUG_INFO = NO;
				SDKROOT = iphoneos;
				SWIFT_OPTIMIZATION_LEVEL = "-Owholemodule";
				TARGETED_DEVICE_FAMILY = "1,2";
				VALIDATE_PRODUCT = YES;
				VERSIONING_SYSTEM = "apple-generic";
				VERSION_INFO_PREFIX = "";
			};
			name = Release;
		};
		22F955E71E457A51006096FE /* Debug */ = {
			isa = XCBuildConfiguration;
			buildSettings = {
				CLANG_ENABLE_MODULES = YES;
				CODE_SIGN_IDENTITY = "";
				DEFINES_MODULE = YES;
				DEVELOPMENT_TEAM = 92AC5VS8HG;
				DYLIB_COMPATIBILITY_VERSION = 1;
				DYLIB_CURRENT_VERSION = 1;
				DYLIB_INSTALL_NAME_BASE = "@rpath";
				INFOPLIST_FILE = Safeguard/Info.plist;
				INSTALL_PATH = "$(LOCAL_LIBRARY_DIR)/Frameworks";
				LD_RUNPATH_SEARCH_PATHS = "$(inherited) @executable_path/Frameworks @loader_path/Frameworks";
				PRODUCT_BUNDLE_IDENTIFIER = namolnad.Safeguard;
				PRODUCT_NAME = "$(TARGET_NAME)";
				SKIP_INSTALL = YES;
				SWIFT_OPTIMIZATION_LEVEL = "-Onone";
				SWIFT_VERSION = 3.0;
			};
			name = Debug;
		};
		22F955E81E457A51006096FE /* Release */ = {
			isa = XCBuildConfiguration;
			buildSettings = {
				CLANG_ENABLE_MODULES = YES;
				CODE_SIGN_IDENTITY = "";
				DEFINES_MODULE = YES;
				DEVELOPMENT_TEAM = 92AC5VS8HG;
				DYLIB_COMPATIBILITY_VERSION = 1;
				DYLIB_CURRENT_VERSION = 1;
				DYLIB_INSTALL_NAME_BASE = "@rpath";
				INFOPLIST_FILE = Safeguard/Info.plist;
				INSTALL_PATH = "$(LOCAL_LIBRARY_DIR)/Frameworks";
				LD_RUNPATH_SEARCH_PATHS = "$(inherited) @executable_path/Frameworks @loader_path/Frameworks";
				PRODUCT_BUNDLE_IDENTIFIER = namolnad.Safeguard;
				PRODUCT_NAME = "$(TARGET_NAME)";
				SKIP_INSTALL = YES;
				SWIFT_VERSION = 3.0;
			};
			name = Release;
		};
		22F955EA1E457A51006096FE /* Debug */ = {
			isa = XCBuildConfiguration;
			buildSettings = {
				ALWAYS_EMBED_SWIFT_STANDARD_LIBRARIES = YES;
				DEVELOPMENT_TEAM = 92AC5VS8HG;
				INFOPLIST_FILE = SafeguardTests/Info.plist;
				LD_RUNPATH_SEARCH_PATHS = "$(inherited) @executable_path/Frameworks @loader_path/Frameworks";
				PRODUCT_BUNDLE_IDENTIFIER = namolnad.SafeguardTests;
				PRODUCT_NAME = "$(TARGET_NAME)";
				SWIFT_VERSION = 3.0;
			};
			name = Debug;
		};
		22F955EB1E457A51006096FE /* Release */ = {
			isa = XCBuildConfiguration;
			buildSettings = {
				ALWAYS_EMBED_SWIFT_STANDARD_LIBRARIES = YES;
				DEVELOPMENT_TEAM = 92AC5VS8HG;
				INFOPLIST_FILE = SafeguardTests/Info.plist;
				LD_RUNPATH_SEARCH_PATHS = "$(inherited) @executable_path/Frameworks @loader_path/Frameworks";
				PRODUCT_BUNDLE_IDENTIFIER = namolnad.SafeguardTests;
				PRODUCT_NAME = "$(TARGET_NAME)";
				SWIFT_VERSION = 3.0;
			};
			name = Release;
		};
/* End XCBuildConfiguration section */

/* Begin XCConfigurationList section */
		22F955CC1E457A50006096FE /* Build configuration list for PBXProject "Safeguard" */ = {
			isa = XCConfigurationList;
			buildConfigurations = (
				22F955E41E457A51006096FE /* Debug */,
				22F955E51E457A51006096FE /* Release */,
			);
			defaultConfigurationIsVisible = 0;
			defaultConfigurationName = Release;
		};
		22F955E61E457A51006096FE /* Build configuration list for PBXNativeTarget "Safeguard" */ = {
			isa = XCConfigurationList;
			buildConfigurations = (
				22F955E71E457A51006096FE /* Debug */,
				22F955E81E457A51006096FE /* Release */,
			);
			defaultConfigurationIsVisible = 0;
			defaultConfigurationName = Release;
		};
		22F955E91E457A51006096FE /* Build configuration list for PBXNativeTarget "SafeguardTests" */ = {
			isa = XCConfigurationList;
			buildConfigurations = (
				22F955EA1E457A51006096FE /* Debug */,
				22F955EB1E457A51006096FE /* Release */,
			);
			defaultConfigurationIsVisible = 0;
			defaultConfigurationName = Release;
		};
/* End XCConfigurationList section */
	};
	rootObject = 22F955C91E457A50006096FE /* Project object */;
}
